
Microsoft Visual Studio Solution File, Format Version 12.00
# Visual Studio Version 17
VisualStudioVersion = 17.0.32014.148
MinimumVisualStudioVersion = 10.0.40219.1
Project("{9A19103F-16F7-4668-BE54-9A1E7A4F7556}") = "FileOperations.Services", "FileOperations.Services\FileOperations.Services.csproj", "{7525261B-6B0B-4CE7-96A9-89CDF7DD5FDB}"
EndProject
Project("{9A19103F-16F7-4668-BE54-9A1E7A4F7556}") = "FileOperations", "FileOperations\FileOperations.csproj", "{69766363-CBFD-4727-B9DB-EE83EEC6179E}"
EndProject
Project("{FAE04EC0-301F-11D3-BF4B-00C04F79EFBC}") = "FileOperations.Test", "FileOperations.Test\FileOperations.Test.csproj", "{6D1DCAB3-0A3C-458B-B8CE-B1A86BB9CA83}"
EndProject
Global
	GlobalSection(SolutionConfigurationPlatforms) = preSolution
		Debug|Any CPU = Debug|Any CPU
		Release|Any CPU = Release|Any CPU
	EndGlobalSection
	GlobalSection(ProjectConfigurationPlatforms) = postSolution
		{7525261B-6B0B-4CE7-96A9-89CDF7DD5FDB}.Debug|Any CPU.ActiveCfg = Debug|Any CPU
		{7525261B-6B0B-4CE7-96A9-89CDF7DD5FDB}.Debug|Any CPU.Build.0 = Debug|Any CPU
		{7525261B-6B0B-4CE7-96A9-89CDF7DD5FDB}.Release|Any CPU.ActiveCfg = Release|Any CPU
		{7525261B-6B0B-4CE7-96A9-89CDF7DD5FDB}.Release|Any CPU.Build.0 = Release|Any CPU
		{69766363-CBFD-4727-B9DB-EE83EEC6179E}.Debug|Any CPU.ActiveCfg = Debug|Any CPU
		{69766363-CBFD-4727-B9DB-EE83EEC6179E}.Debug|Any CPU.Build.0 = Debug|Any CPU
		{69766363-CBFD-4727-B9DB-EE83EEC6179E}.Release|Any CPU.ActiveCfg = Release|Any CPU
		{69766363-CBFD-4727-B9DB-EE83EEC6179E}.Release|Any CPU.Build.0 = Release|Any CPU
		{6D1DCAB3-0A3C-458B-B8CE-B1A86BB9CA83}.Debug|Any CPU.ActiveCfg = Debug|Any CPU
		{6D1DCAB3-0A3C-458B-B8CE-B1A86BB9CA83}.Debug|Any CPU.Build.0 = Debug|Any CPU
		{6D1DCAB3-0A3C-458B-B8CE-B1A86BB9CA83}.Release|Any CPU.ActiveCfg = Release|Any CPU
		{6D1DCAB3-0A3C-458B-B8CE-B1A86BB9CA83}.Release|Any CPU.Build.0 = Release|Any CPU
	EndGlobalSection
	GlobalSection(SolutionProperties) = preSolution
		HideSolutionNode = FALSE
	EndGlobalSection
	GlobalSection(ExtensibilityGlobals) = postSolution
		SolutionGuid = {97A5D47F-C779-44F9-957E-E2964F78A451}
	EndGlobalSection
EndGlobal
