
Microsoft Visual Studio Solution File, Format Version 12.00
# Visual Studio Version 17
VisualStudioVersion = 17.1.32228.430
MinimumVisualStudioVersion = 10.0.40219.1
Project("{9A19103F-16F7-4668-BE54-9A1E7A4F7556}") = "console", "Console\console.csproj", "{472B8E9C-888F-4120-A7AC-6E5355A5B7BC}"
EndProject
Global
	GlobalSection(SolutionConfigurationPlatforms) = preSolution
		Debug|Any CPU = Debug|Any CPU
		Release|Any CPU = Release|Any CPU
	EndGlobalSection
	GlobalSection(ProjectConfigurationPlatforms) = postSolution
		{472B8E9C-888F-4120-A7AC-6E5355A5B7BC}.Debug|Any CPU.ActiveCfg = Debug|Any CPU
		{472B8E9C-888F-4120-A7AC-6E5355A5B7BC}.Debug|Any CPU.Build.0 = Debug|Any CPU
		{472B8E9C-888F-4120-A7AC-6E5355A5B7BC}.Release|Any CPU.ActiveCfg = Release|Any CPU
		{472B8E9C-888F-4120-A7AC-6E5355A5B7BC}.Release|Any CPU.Build.0 = Release|Any CPU
	EndGlobalSection
	GlobalSection(SolutionProperties) = preSolution
		HideSolutionNode = FALSE
	EndGlobalSection
	GlobalSection(ExtensibilityGlobals) = postSolution
		SolutionGuid = {556A134E-693A-4EFD-BB7C-834ADE1D8DC9}
	EndGlobalSection
EndGlobal
