
Microsoft Visual Studio Solution File, Format Version 12.00
# Visual Studio Version 16
VisualStudioVersion = 16.0.30104.148
MinimumVisualStudioVersion = 10.0.40219.1
Project("{E24C65DC-7377-472B-9ABA-BC803B73C61A}") = "ASMXServiceWebsiteApp", "ASMXServiceWebsiteApp\", "{4B3391E9-5644-4465-A116-F4352FE9332C}"
	ProjectSection(WebsiteProperties) = preProject
		TargetFrameworkMoniker = ".NETFramework,Version%3Dv4.7.2"
		Debug.AspNetCompiler.VirtualPath = "/localhost_52648"
		Debug.AspNetCompiler.PhysicalPath = "ASMXServiceWebsiteApp\"
		Debug.AspNetCompiler.TargetPath = "PrecompiledWeb\localhost_52648\"
		Debug.AspNetCompiler.Updateable = "true"
		Debug.AspNetCompiler.ForceOverwrite = "true"
		Debug.AspNetCompiler.FixedNames = "false"
		Debug.AspNetCompiler.Debug = "True"
		Release.AspNetCompiler.VirtualPath = "/localhost_52648"
		Release.AspNetCompiler.PhysicalPath = "ASMXServiceWebsiteApp\"
		Release.AspNetCompiler.TargetPath = "PrecompiledWeb\localhost_52648\"
		Release.AspNetCompiler.Updateable = "true"
		Release.AspNetCompiler.ForceOverwrite = "true"
		Release.AspNetCompiler.FixedNames = "false"
		Release.AspNetCompiler.Debug = "False"
		VWDPort = "52648"
		SlnRelativePath = "ASMXServiceWebsiteApp\"
		DefaultWebSiteLanguage = "Visual C#"
	EndProjectSection
EndProject
Global
	GlobalSection(SolutionConfigurationPlatforms) = preSolution
		Debug|Any CPU = Debug|Any CPU
	EndGlobalSection
	GlobalSection(ProjectConfigurationPlatforms) = postSolution
		{4B3391E9-5644-4465-A116-F4352FE9332C}.Debug|Any CPU.ActiveCfg = Debug|Any CPU
		{4B3391E9-5644-4465-A116-F4352FE9332C}.Debug|Any CPU.Build.0 = Debug|Any CPU
	EndGlobalSection
	GlobalSection(SolutionProperties) = preSolution
		HideSolutionNode = FALSE
	EndGlobalSection
	GlobalSection(ExtensibilityGlobals) = postSolution
		SolutionGuid = {D24C76B0-9DDD-469A-9748-8AF25947903E}
	EndGlobalSection
EndGlobal
