
Microsoft Visual Studio Solution File, Format Version 12.00
# Visual Studio Version 17
VisualStudioVersion = 17.0.32014.148
MinimumVisualStudioVersion = 10.0.40219.1
Project("{FAE04EC0-301F-11D3-BF4B-00C04F79EFBC}") = "Swagger", "Swagger\Swagger.csproj", "{04A66B29-1CF6-404D-BBC3-70F918C92DA6}"
EndProject
Global
	GlobalSection(SolutionConfigurationPlatforms) = preSolution
		Debug|Any CPU = Debug|Any CPU
		Release|Any CPU = Release|Any CPU
	EndGlobalSection
	GlobalSection(ProjectConfigurationPlatforms) = postSolution
		{04A66B29-1CF6-404D-BBC3-70F918C92DA6}.Debug|Any CPU.ActiveCfg = Debug|Any CPU
		{04A66B29-1CF6-404D-BBC3-70F918C92DA6}.Debug|Any CPU.Build.0 = Debug|Any CPU
		{04A66B29-1CF6-404D-BBC3-70F918C92DA6}.Release|Any CPU.ActiveCfg = Release|Any CPU
		{04A66B29-1CF6-404D-BBC3-70F918C92DA6}.Release|Any CPU.Build.0 = Release|Any CPU
	EndGlobalSection
	GlobalSection(SolutionProperties) = preSolution
		HideSolutionNode = FALSE
	EndGlobalSection
	GlobalSection(ExtensibilityGlobals) = postSolution
		SolutionGuid = {58D8EC55-24E3-4366-9911-096107CCC164}
	EndGlobalSection
EndGlobal
